
Microsoft Visual Studio Solution File, Format Version 12.00
# Visual Studio Version 17
VisualStudioVersion = 17.6.33829.357
MinimumVisualStudioVersion = 10.0.40219.1
Project("{FAE04EC0-301F-11D3-BF4B-00C04F79EFBC}") = "WebApplication1Api", "WebApplication1Api\WebApplication1Api.csproj", "{4375910A-2E45-44D9-893C-BDF6817AB01E}"
EndProject
Global
	GlobalSection(SolutionConfigurationPlatforms) = preSolution
		Debug|Any CPU = Debug|Any CPU
		Release|Any CPU = Release|Any CPU
	EndGlobalSection
	GlobalSection(ProjectConfigurationPlatforms) = postSolution
		{4375910A-2E45-44D9-893C-BDF6817AB01E}.Debug|Any CPU.ActiveCfg = Debug|Any CPU
		{4375910A-2E45-44D9-893C-BDF6817AB01E}.Debug|Any CPU.Build.0 = Debug|Any CPU
		{4375910A-2E45-44D9-893C-BDF6817AB01E}.Release|Any CPU.ActiveCfg = Release|Any CPU
		{4375910A-2E45-44D9-893C-BDF6817AB01E}.Release|Any CPU.Build.0 = Release|Any CPU
	EndGlobalSection
	GlobalSection(SolutionProperties) = preSolution
		HideSolutionNode = FALSE
	EndGlobalSection
	GlobalSection(ExtensibilityGlobals) = postSolution
		SolutionGuid = {97D32F04-B325-4BE4-A789-BCC52D0D2BBB}
	EndGlobalSection
EndGlobal
